
Microsoft Visual Studio Solution File, Format Version 12.00
# Visual Studio Version 17
VisualStudioVersion = 17.8.34511.84
MinimumVisualStudioVersion = 10.0.40219.1
Project("{9A19103F-16F7-4668-BE54-9A1E7A4F7556}") = "ScottPlotStats.Test", "ScottPlotStats.Test\ScottPlotStats.Test.csproj", "{2FF64A21-1E66-4455-A3A7-09C697237185}"
EndProject
Project("{9A19103F-16F7-4668-BE54-9A1E7A4F7556}") = "ScottPlotStats", "ScottPlotStats\ScottPlotStats.csproj", "{4150CD72-F922-454E-BC78-CCAA53AA6C4E}"
EndProject
Project("{9A19103F-16F7-4668-BE54-9A1E7A4F7556}") = "ScottPlotStats.Functions", "ScottPlotStats.Functions\ScottPlotStats.Functions.csproj", "{330206D7-9473-456D-8F51-ECBD68206BB9}"
EndProject
Global
	GlobalSection(SolutionConfigurationPlatforms) = preSolution
		Debug|Any CPU = Debug|Any CPU
		Release|Any CPU = Release|Any CPU
	EndGlobalSection
	GlobalSection(ProjectConfigurationPlatforms) = postSolution
		{2FF64A21-1E66-4455-A3A7-09C697237185}.Debug|Any CPU.ActiveCfg = Debug|Any CPU
		{2FF64A21-1E66-4455-A3A7-09C697237185}.Debug|Any CPU.Build.0 = Debug|Any CPU
		{2FF64A21-1E66-4455-A3A7-09C697237185}.Release|Any CPU.ActiveCfg = Release|Any CPU
		{2FF64A21-1E66-4455-A3A7-09C697237185}.Release|Any CPU.Build.0 = Release|Any CPU
		{4150CD72-F922-454E-BC78-CCAA53AA6C4E}.Debug|Any CPU.ActiveCfg = Debug|Any CPU
		{4150CD72-F922-454E-BC78-CCAA53AA6C4E}.Debug|Any CPU.Build.0 = Debug|Any CPU
		{4150CD72-F922-454E-BC78-CCAA53AA6C4E}.Release|Any CPU.ActiveCfg = Release|Any CPU
		{4150CD72-F922-454E-BC78-CCAA53AA6C4E}.Release|Any CPU.Build.0 = Release|Any CPU
		{330206D7-9473-456D-8F51-ECBD68206BB9}.Debug|Any CPU.ActiveCfg = Debug|Any CPU
		{330206D7-9473-456D-8F51-ECBD68206BB9}.Debug|Any CPU.Build.0 = Debug|Any CPU
		{330206D7-9473-456D-8F51-ECBD68206BB9}.Release|Any CPU.ActiveCfg = Release|Any CPU
		{330206D7-9473-456D-8F51-ECBD68206BB9}.Release|Any CPU.Build.0 = Release|Any CPU
	EndGlobalSection
	GlobalSection(SolutionProperties) = preSolution
		HideSolutionNode = FALSE
	EndGlobalSection
	GlobalSection(ExtensibilityGlobals) = postSolution
		SolutionGuid = {AE46CAF4-6744-4B94-B90F-068A3BE12AA5}
	EndGlobalSection
EndGlobal
